
Microsoft Visual Studio Solution File, Format Version 12.00
# Visual Studio Version 16
VisualStudioVersion = 16.0.31624.102
MinimumVisualStudioVersion = 10.0.40219.1
Project("{FAE04EC0-301F-11D3-BF4B-00C04F79EFBC}") = "FakeApi", "FakeApi\FakeApi.csproj", "{552AA09D-93A5-4EC7-A0AB-10EB4B00D832}"
EndProject
Global
	GlobalSection(SolutionConfigurationPlatforms) = preSolution
		Debug|Any CPU = Debug|Any CPU
		Release|Any CPU = Release|Any CPU
	EndGlobalSection
	GlobalSection(ProjectConfigurationPlatforms) = postSolution
		{552AA09D-93A5-4EC7-A0AB-10EB4B00D832}.Debug|Any CPU.ActiveCfg = Debug|Any CPU
		{552AA09D-93A5-4EC7-A0AB-10EB4B00D832}.Debug|Any CPU.Build.0 = Debug|Any CPU
		{552AA09D-93A5-4EC7-A0AB-10EB4B00D832}.Release|Any CPU.ActiveCfg = Release|Any CPU
		{552AA09D-93A5-4EC7-A0AB-10EB4B00D832}.Release|Any CPU.Build.0 = Release|Any CPU
	EndGlobalSection
	GlobalSection(SolutionProperties) = preSolution
		HideSolutionNode = FALSE
	EndGlobalSection
	GlobalSection(ExtensibilityGlobals) = postSolution
		SolutionGuid = {740F2E46-EF85-4C41-B121-9241D5FB6835}
	EndGlobalSection
EndGlobal
